
Microsoft Visual Studio Solution File, Format Version 12.00
# Visual Studio Version 17
VisualStudioVersion = 17.5.33530.505
MinimumVisualStudioVersion = 10.0.40219.1
Project("{FAE04EC0-301F-11D3-BF4B-00C04F79EFBC}") = "AutomationProject2024", "AutomationProject2024\AutomationProject2024.csproj", "{AA624B71-5FDE-4023-8D24-477ED7311569}"
EndProject
Global
	GlobalSection(SolutionConfigurationPlatforms) = preSolution
		Debug|Any CPU = Debug|Any CPU
		Release|Any CPU = Release|Any CPU
	EndGlobalSection
	GlobalSection(ProjectConfigurationPlatforms) = postSolution
		{AA624B71-5FDE-4023-8D24-477ED7311569}.Debug|Any CPU.ActiveCfg = Debug|Any CPU
		{AA624B71-5FDE-4023-8D24-477ED7311569}.Debug|Any CPU.Build.0 = Debug|Any CPU
		{AA624B71-5FDE-4023-8D24-477ED7311569}.Release|Any CPU.ActiveCfg = Release|Any CPU
		{AA624B71-5FDE-4023-8D24-477ED7311569}.Release|Any CPU.Build.0 = Release|Any CPU
	EndGlobalSection
	GlobalSection(SolutionProperties) = preSolution
		HideSolutionNode = FALSE
	EndGlobalSection
	GlobalSection(ExtensibilityGlobals) = postSolution
		SolutionGuid = {E9D61393-2845-4E9C-BAE3-47D57D925FB8}
	EndGlobalSection
EndGlobal
